<Solution>
  <Folder Name="/Task0/">
    <Project Path="Tyuiu.GilevaAp.Sprint0.Task0.V0/Tyuiu.GilevaAp.Sprint0.Task0.V0.csproj" Id="acd98ca7-4185-4338-a381-3900bd0f00cc" />
  </Folder>
  <Folder Name="/Task1/">
    <Project Path="Tyuiu.GilevaAp.Sprint0.Task1.V0/Tyuiu.GilevaAp.Sprint0.Task1.V0.csproj" Id="88e4b1cb-87cd-4b02-a178-0816f733a538" />
  </Folder>
  <Folder Name="/Task2/">
    <Project Path="Tyuiu.GilevaAP.Sprint0.Task2.V0.lib/Tyuiu.GilevaAP.Sprint0.Task2.V0.lib.csproj" Id="02af1a54-dd68-4fa1-ab01-2d02428374ce" />
    <Project Path="Tyuiu.GilevaAP.Sprint0.Task2.V0.Test/Tyuiu.GilevaAP.Sprint0.Task2.V0.Test.csproj" Id="e8cb6fd8-0f63-4635-bc0d-d538b90078c9" />
    <Project Path="Tyuiu.GilevaAP.Sprint0.Task2.V0/Tyuiu.GilevaAP.Sprint0.Task2.V0.csproj" Id="a0731460-6100-4348-b339-5e30ceeddde4" />
  </Folder>
  <Folder Name="/Task3/">
    <Project Path="Tyuiu.GilevaAP.Sprint0.Task3.V0.lib/Tyuiu.GilevaAP.Sprint0.Task3.V0.lib.csproj" Id="e5ecc261-8a93-4f0d-b287-81a125393ffd" />
    <Project Path="Tyuiu.GilevaAP.Sprint0.Task3.V0.Test/Tyuiu.GilevaAP.Sprint0.Task3.V0.Test.csproj" Id="d0f2433f-9c0b-4b12-bdb3-7e34185f2eae" />
    <Project Path="Tyuiu.GilevaAP.Sprint0.Task3.V0/Tyuiu.GilevaAP.Sprint0.Task3.V0.csproj" Id="95736918-1689-4169-8445-a7eca7939309" />
  </Folder>
  <Folder Name="/Task4/">
    <Project Path="Tyuiu.GilevaAP.Sprint0.Task4.V0.lib/Tyuiu.GilevaAP.Sprint0.Task4.V0.lib.csproj" Id="f4855004-780f-4951-8324-2af4d8c9e69f" />
    <Project Path="Tyuiu.GilevaAP.Sprint0.Task4.V0.Test/Tyuiu.GilevaAP.Sprint0.Task4.V0.Test.csproj" Id="95340501-3beb-4927-9904-383af10ff789" />
    <Project Path="Tyuiu.GilevaAP.Sprint0.Task4.V0/Tyuiu.GilevaAP.Sprint0.Task4.V0.csproj" Id="9fb7c63d-6ea9-4d12-8e16-f7453cab9c24" />
  </Folder>
  <Folder Name="/Task5/">
    <Project Path="Tyuiu.GilevaAP.Sprint0.Task5.V0.lib/Tyuiu.GilevaAP.Sprint0.Task5.V0.lib.csproj" Id="f8620fe2-daf8-4a27-bd55-f79599ccead1" />
    <Project Path="Tyuiu.GilevaAP.Sprint0.Task5.V0.Test/Tyuiu.GilevaAP.Sprint0.Task5.V0.Test.csproj" Id="2199d466-d8b0-4fdc-882d-ca27fb131294" />
    <Project Path="Tyuiu.GilevaAP.Sprint0.Task5.V0/Tyuiu.GilevaAP.Sprint0.Task5.V0.csproj" Id="f62a4a18-1564-4521-b4ac-b71964c09ed5" />
  </Folder>
</Solution>
